// !$*UTF8*$!
{
	archiveVersion = 1;
	classes = {
	};
	objectVersion = 56;
	objects = {

/* Begin PBXBuildFile section */
		741155132A20B3DC009843F9 /* AppDelegate.swift in Sources */ = {isa = PBXBuildFile; fileRef = 741155122A20B3DC009843F9 /* AppDelegate.swift */; };
		741155152A20B3DC009843F9 /* SceneDelegate.swift in Sources */ = {isa = PBXBuildFile; fileRef = 741155142A20B3DC009843F9 /* SceneDelegate.swift */; };
		7411551C2A20B3DC009843F9 /* Assets.xcassets in Resources */ = {isa = PBXBuildFile; fileRef = 7411551B2A20B3DC009843F9 /* Assets.xcassets */; };
		7411551F2A20B3DC009843F9 /* LaunchScreen.storyboard in Resources */ = {isa = PBXBuildFile; fileRef = 7411551D2A20B3DC009843F9 /* LaunchScreen.storyboard */; };
		7411552F2A20B47E009843F9 /* MainTabController.swift in Sources */ = {isa = PBXBuildFile; fileRef = 7411552E2A20B47E009843F9 /* MainTabController.swift */; };
		741155312A20B579009843F9 /* FeedController.swift in Sources */ = {isa = PBXBuildFile; fileRef = 741155302A20B579009843F9 /* FeedController.swift */; };
		741155332A20B585009843F9 /* SearchController.swift in Sources */ = {isa = PBXBuildFile; fileRef = 741155322A20B585009843F9 /* SearchController.swift */; };
		741155352A20B590009843F9 /* ImageSelectorController.swift in Sources */ = {isa = PBXBuildFile; fileRef = 741155342A20B590009843F9 /* ImageSelectorController.swift */; };
		741155372A20B59A009843F9 /* NotificationController.swift in Sources */ = {isa = PBXBuildFile; fileRef = 741155362A20B59A009843F9 /* NotificationController.swift */; };
		741155392A20B62D009843F9 /* ProfileController.swift in Sources */ = {isa = PBXBuildFile; fileRef = 741155382A20B62D009843F9 /* ProfileController.swift */; };
		7462DBFE2A2132BA000C3F58 /* FeedCell.swift in Sources */ = {isa = PBXBuildFile; fileRef = 7462DBFD2A2132BA000C3F58 /* FeedCell.swift */; };
		7462DC002A21331E000C3F58 /* Extensions.swift in Sources */ = {isa = PBXBuildFile; fileRef = 7462DBFF2A21331E000C3F58 /* Extensions.swift */; };
		7462DC032A22069C000C3F58 /* LoginController.swift in Sources */ = {isa = PBXBuildFile; fileRef = 7462DC022A22069C000C3F58 /* LoginController.swift */; };
		7462DC052A2206A1000C3F58 /* RegistrationController.swift in Sources */ = {isa = PBXBuildFile; fileRef = 7462DC042A2206A1000C3F58 /* RegistrationController.swift */; };
		7462DC082A220A33000C3F58 /* CustomTextField.swift in Sources */ = {isa = PBXBuildFile; fileRef = 7462DC072A220A33000C3F58 /* CustomTextField.swift */; };
		7462DC0A2A2212F3000C3F58 /* AuthButton.swift in Sources */ = {isa = PBXBuildFile; fileRef = 7462DC092A2212F3000C3F58 /* AuthButton.swift */; };
		7462DC0C2A222175000C3F58 /* TextButton.swift in Sources */ = {isa = PBXBuildFile; fileRef = 7462DC0B2A222175000C3F58 /* TextButton.swift */; };
		7462DC0E2A225B7E000C3F58 /* AuthenticationViewModel.swift in Sources */ = {isa = PBXBuildFile; fileRef = 7462DC0D2A225B7E000C3F58 /* AuthenticationViewModel.swift */; };
/* End PBXBuildFile section */

/* Begin PBXFileReference section */
		7411550F2A20B3DC009843F9 /* InstagramCloneUIKit.app */ = {isa = PBXFileReference; explicitFileType = wrapper.application; includeInIndex = 0; path = InstagramCloneUIKit.app; sourceTree = BUILT_PRODUCTS_DIR; };
		741155122A20B3DC009843F9 /* AppDelegate.swift */ = {isa = PBXFileReference; lastKnownFileType = sourcecode.swift; path = AppDelegate.swift; sourceTree = "<group>"; };
		741155142A20B3DC009843F9 /* SceneDelegate.swift */ = {isa = PBXFileReference; lastKnownFileType = sourcecode.swift; path = SceneDelegate.swift; sourceTree = "<group>"; };
		7411551B2A20B3DC009843F9 /* Assets.xcassets */ = {isa = PBXFileReference; lastKnownFileType = folder.assetcatalog; path = Assets.xcassets; sourceTree = "<group>"; };
		7411551E2A20B3DC009843F9 /* Base */ = {isa = PBXFileReference; lastKnownFileType = file.storyboard; name = Base; path = Base.lproj/LaunchScreen.storyboard; sourceTree = "<group>"; };
		741155202A20B3DC009843F9 /* Info.plist */ = {isa = PBXFileReference; lastKnownFileType = text.plist.xml; path = Info.plist; sourceTree = "<group>"; };
		7411552E2A20B47E009843F9 /* MainTabController.swift */ = {isa = PBXFileReference; lastKnownFileType = sourcecode.swift; path = MainTabController.swift; sourceTree = "<group>"; };
		741155302A20B579009843F9 /* FeedController.swift */ = {isa = PBXFileReference; lastKnownFileType = sourcecode.swift; path = FeedController.swift; sourceTree = "<group>"; };
		741155322A20B585009843F9 /* SearchController.swift */ = {isa = PBXFileReference; lastKnownFileType = sourcecode.swift; path = SearchController.swift; sourceTree = "<group>"; };
		741155342A20B590009843F9 /* ImageSelectorController.swift */ = {isa = PBXFileReference; lastKnownFileType = sourcecode.swift; path = ImageSelectorController.swift; sourceTree = "<group>"; };
		741155362A20B59A009843F9 /* NotificationController.swift */ = {isa = PBXFileReference; lastKnownFileType = sourcecode.swift; path = NotificationController.swift; sourceTree = "<group>"; };
		741155382A20B62D009843F9 /* ProfileController.swift */ = {isa = PBXFileReference; lastKnownFileType = sourcecode.swift; path = ProfileController.swift; sourceTree = "<group>"; };
		7462DBFD2A2132BA000C3F58 /* FeedCell.swift */ = {isa = PBXFileReference; lastKnownFileType = sourcecode.swift; path = FeedCell.swift; sourceTree = "<group>"; };
		7462DBFF2A21331E000C3F58 /* Extensions.swift */ = {isa = PBXFileReference; lastKnownFileType = sourcecode.swift; path = Extensions.swift; sourceTree = "<group>"; };
		7462DC022A22069C000C3F58 /* LoginController.swift */ = {isa = PBXFileReference; lastKnownFileType = sourcecode.swift; path = LoginController.swift; sourceTree = "<group>"; };
		7462DC042A2206A1000C3F58 /* RegistrationController.swift */ = {isa = PBXFileReference; lastKnownFileType = sourcecode.swift; path = RegistrationController.swift; sourceTree = "<group>"; };
		7462DC072A220A33000C3F58 /* CustomTextField.swift */ = {isa = PBXFileReference; lastKnownFileType = sourcecode.swift; path = CustomTextField.swift; sourceTree = "<group>"; };
		7462DC092A2212F3000C3F58 /* AuthButton.swift */ = {isa = PBXFileReference; lastKnownFileType = sourcecode.swift; path = AuthButton.swift; sourceTree = "<group>"; };
		7462DC0B2A222175000C3F58 /* TextButton.swift */ = {isa = PBXFileReference; lastKnownFileType = sourcecode.swift; path = TextButton.swift; sourceTree = "<group>"; };
		7462DC0D2A225B7E000C3F58 /* AuthenticationViewModel.swift */ = {isa = PBXFileReference; lastKnownFileType = sourcecode.swift; path = AuthenticationViewModel.swift; sourceTree = "<group>"; };
/* End PBXFileReference section */

/* Begin PBXFrameworksBuildPhase section */
		7411550C2A20B3DB009843F9 /* Frameworks */ = {
			isa = PBXFrameworksBuildPhase;
			buildActionMask = 2147483647;
			files = (
			);
			runOnlyForDeploymentPostprocessing = 0;
		};
/* End PBXFrameworksBuildPhase section */

/* Begin PBXGroup section */
		741155062A20B3DB009843F9 = {
			isa = PBXGroup;
			children = (
				741155112A20B3DC009843F9 /* InstagramCloneUIKit */,
				741155102A20B3DC009843F9 /* Products */,
			);
			sourceTree = "<group>";
		};
		741155102A20B3DC009843F9 /* Products */ = {
			isa = PBXGroup;
			children = (
				7411550F2A20B3DC009843F9 /* InstagramCloneUIKit.app */,
			);
			name = Products;
			sourceTree = "<group>";
		};
		741155112A20B3DC009843F9 /* InstagramCloneUIKit */ = {
			isa = PBXGroup;
			children = (
				7411552D2A20B42C009843F9 /* Model */,
				7411552C2A20B42B009843F9 /* Views */,
				7411552B2A20B429009843F9 /* ViewModel */,
				741155282A20B420009843F9 /* Controller */,
				741155272A20B41E009843F9 /* API */,
				741155262A20B419009843F9 /* Utils */,
				741155122A20B3DC009843F9 /* AppDelegate.swift */,
				741155142A20B3DC009843F9 /* SceneDelegate.swift */,
				7411551B2A20B3DC009843F9 /* Assets.xcassets */,
				7411551D2A20B3DC009843F9 /* LaunchScreen.storyboard */,
				741155202A20B3DC009843F9 /* Info.plist */,
			);
			path = InstagramCloneUIKit;
			sourceTree = "<group>";
		};
		741155262A20B419009843F9 /* Utils */ = {
			isa = PBXGroup;
			children = (
				7462DBFF2A21331E000C3F58 /* Extensions.swift */,
			);
			path = Utils;
			sourceTree = "<group>";
		};
		741155272A20B41E009843F9 /* API */ = {
			isa = PBXGroup;
			children = (
			);
			path = API;
			sourceTree = "<group>";
		};
		741155282A20B420009843F9 /* Controller */ = {
			isa = PBXGroup;
			children = (
				7462DC012A220691000C3F58 /* Authentication */,
				7411552E2A20B47E009843F9 /* MainTabController.swift */,
				741155302A20B579009843F9 /* FeedController.swift */,
				741155322A20B585009843F9 /* SearchController.swift */,
				741155342A20B590009843F9 /* ImageSelectorController.swift */,
				741155382A20B62D009843F9 /* ProfileController.swift */,
				741155362A20B59A009843F9 /* NotificationController.swift */,
			);
			path = Controller;
			sourceTree = "<group>";
		};
		7411552B2A20B429009843F9 /* ViewModel */ = {
			isa = PBXGroup;
			children = (
				7462DC0D2A225B7E000C3F58 /* AuthenticationViewModel.swift */,
			);
			path = ViewModel;
			sourceTree = "<group>";
		};
		7411552C2A20B42B009843F9 /* Views */ = {
			isa = PBXGroup;
			children = (
				7462DC062A220A29000C3F58 /* CustomViews */,
				7462DBFC2A2132B0000C3F58 /* Cells */,
			);
			path = Views;
			sourceTree = "<group>";
		};
		7411552D2A20B42C009843F9 /* Model */ = {
			isa = PBXGroup;
			children = (
			);
			path = Model;
			sourceTree = "<group>";
		};
		7462DBFC2A2132B0000C3F58 /* Cells */ = {
			isa = PBXGroup;
			children = (
				7462DBFD2A2132BA000C3F58 /* FeedCell.swift */,
			);
			path = Cells;
			sourceTree = "<group>";
		};
		7462DC012A220691000C3F58 /* Authentication */ = {
			isa = PBXGroup;
			children = (
				7462DC022A22069C000C3F58 /* LoginController.swift */,
				7462DC042A2206A1000C3F58 /* RegistrationController.swift */,
			);
			path = Authentication;
			sourceTree = "<group>";
		};
		7462DC062A220A29000C3F58 /* CustomViews */ = {
			isa = PBXGroup;
			children = (
				7462DC072A220A33000C3F58 /* CustomTextField.swift */,
				7462DC092A2212F3000C3F58 /* AuthButton.swift */,
				7462DC0B2A222175000C3F58 /* TextButton.swift */,
			);
			path = CustomViews;
			sourceTree = "<group>";
		};
/* End PBXGroup section */

/* Begin PBXNativeTarget section */
		7411550E2A20B3DB009843F9 /* InstagramCloneUIKit */ = {
			isa = PBXNativeTarget;
			buildConfigurationList = 741155232A20B3DC009843F9 /* Build configuration list for PBXNativeTarget "InstagramCloneUIKit" */;
			buildPhases = (
				7411550B2A20B3DB009843F9 /* Sources */,
				7411550C2A20B3DB009843F9 /* Frameworks */,
				7411550D2A20B3DB009843F9 /* Resources */,
			);
			buildRules = (
			);
			dependencies = (
			);
			name = InstagramCloneUIKit;
			productName = InstagramCloneUIKit;
			productReference = 7411550F2A20B3DC009843F9 /* InstagramCloneUIKit.app */;
			productType = "com.apple.product-type.application";
		};
/* End PBXNativeTarget section */

/* Begin PBXProject section */
		741155072A20B3DB009843F9 /* Project object */ = {
			isa = PBXProject;
			attributes = {
				BuildIndependentTargetsInParallel = 1;
				LastSwiftUpdateCheck = 1430;
				LastUpgradeCheck = 1430;
				TargetAttributes = {
					7411550E2A20B3DB009843F9 = {
						CreatedOnToolsVersion = 14.3;
					};
				};
			};
			buildConfigurationList = 7411550A2A20B3DB009843F9 /* Build configuration list for PBXProject "InstagramCloneUIKit" */;
			compatibilityVersion = "Xcode 14.0";
			developmentRegion = en;
			hasScannedForEncodings = 0;
			knownRegions = (
				en,
				Base,
			);
			mainGroup = 741155062A20B3DB009843F9;
			productRefGroup = 741155102A20B3DC009843F9 /* Products */;
			projectDirPath = "";
			projectRoot = "";
			targets = (
				7411550E2A20B3DB009843F9 /* InstagramCloneUIKit */,
			);
		};
/* End PBXProject section */

/* Begin PBXResourcesBuildPhase section */
		7411550D2A20B3DB009843F9 /* Resources */ = {
			isa = PBXResourcesBuildPhase;
			buildActionMask = 2147483647;
			files = (
				7411551F2A20B3DC009843F9 /* LaunchScreen.storyboard in Resources */,
				7411551C2A20B3DC009843F9 /* Assets.xcassets in Resources */,
			);
			runOnlyForDeploymentPostprocessing = 0;
		};
/* End PBXResourcesBuildPhase section */

/* Begin PBXSourcesBuildPhase section */
		7411550B2A20B3DB009843F9 /* Sources */ = {
			isa = PBXSourcesBuildPhase;
			buildActionMask = 2147483647;
			files = (
				7462DC082A220A33000C3F58 /* CustomTextField.swift in Sources */,
				7462DC0A2A2212F3000C3F58 /* AuthButton.swift in Sources */,
				7462DC032A22069C000C3F58 /* LoginController.swift in Sources */,
				741155132A20B3DC009843F9 /* AppDelegate.swift in Sources */,
				7462DC0E2A225B7E000C3F58 /* AuthenticationViewModel.swift in Sources */,
				741155332A20B585009843F9 /* SearchController.swift in Sources */,
				7411552F2A20B47E009843F9 /* MainTabController.swift in Sources */,
				7462DC0C2A222175000C3F58 /* TextButton.swift in Sources */,
				741155372A20B59A009843F9 /* NotificationController.swift in Sources */,
				741155152A20B3DC009843F9 /* SceneDelegate.swift in Sources */,
				7462DC002A21331E000C3F58 /* Extensions.swift in Sources */,
				741155352A20B590009843F9 /* ImageSelectorController.swift in Sources */,
				741155312A20B579009843F9 /* FeedController.swift in Sources */,
				741155392A20B62D009843F9 /* ProfileController.swift in Sources */,
				7462DC052A2206A1000C3F58 /* RegistrationController.swift in Sources */,
				7462DBFE2A2132BA000C3F58 /* FeedCell.swift in Sources */,
			);
			runOnlyForDeploymentPostprocessing = 0;
		};
/* End PBXSourcesBuildPhase section */

/* Begin PBXVariantGroup section */
		7411551D2A20B3DC009843F9 /* LaunchScreen.storyboard */ = {
			isa = PBXVariantGroup;
			children = (
				7411551E2A20B3DC009843F9 /* Base */,
			);
			name = LaunchScreen.storyboard;
			sourceTree = "<group>";
		};
/* End PBXVariantGroup section */

/* Begin XCBuildConfiguration section */
		741155212A20B3DC009843F9 /* Debug */ = {
			isa = XCBuildConfiguration;
			buildSettings = {
				ALWAYS_SEARCH_USER_PATHS = NO;
				CLANG_ANALYZER_NONNULL = YES;
				CLANG_ANALYZER_NUMBER_OBJECT_CONVERSION = YES_AGGRESSIVE;
				CLANG_CXX_LANGUAGE_STANDARD = "gnu++20";
				CLANG_ENABLE_MODULES = YES;
				CLANG_ENABLE_OBJC_ARC = YES;
				CLANG_ENABLE_OBJC_WEAK = YES;
				CLANG_WARN_BLOCK_CAPTURE_AUTORELEASING = YES;
				CLANG_WARN_BOOL_CONVERSION = YES;
				CLANG_WARN_COMMA = YES;
				CLANG_WARN_CONSTANT_CONVERSION = YES;
				CLANG_WARN_DEPRECATED_OBJC_IMPLEMENTATIONS = YES;
				CLANG_WARN_DIRECT_OBJC_ISA_USAGE = YES_ERROR;
				CLANG_WARN_DOCUMENTATION_COMMENTS = YES;
				CLANG_WARN_EMPTY_BODY = YES;
				CLANG_WARN_ENUM_CONVERSION = YES;
				CLANG_WARN_INFINITE_RECURSION = YES;
				CLANG_WARN_INT_CONVERSION = YES;
				CLANG_WARN_NON_LITERAL_NULL_CONVERSION = YES;
				CLANG_WARN_OBJC_IMPLICIT_RETAIN_SELF = YES;
				CLANG_WARN_OBJC_LITERAL_CONVERSION = YES;
				CLANG_WARN_OBJC_ROOT_CLASS = YES_ERROR;
				CLANG_WARN_QUOTED_INCLUDE_IN_FRAMEWORK_HEADER = YES;
				CLANG_WARN_RANGE_LOOP_ANALYSIS = YES;
				CLANG_WARN_STRICT_PROTOTYPES = YES;
				CLANG_WARN_SUSPICIOUS_MOVE = YES;
				CLANG_WARN_UNGUARDED_AVAILABILITY = YES_AGGRESSIVE;
				CLANG_WARN_UNREACHABLE_CODE = YES;
				CLANG_WARN__DUPLICATE_METHOD_MATCH = YES;
				COPY_PHASE_STRIP = NO;
				DEBUG_INFORMATION_FORMAT = dwarf;
				ENABLE_STRICT_OBJC_MSGSEND = YES;
				ENABLE_TESTABILITY = YES;
				GCC_C_LANGUAGE_STANDARD = gnu11;
				GCC_DYNAMIC_NO_PIC = NO;
				GCC_NO_COMMON_BLOCKS = YES;
				GCC_OPTIMIZATION_LEVEL = 0;
				GCC_PREPROCESSOR_DEFINITIONS = (
					"DEBUG=1",
					"$(inherited)",
				);
				GCC_WARN_64_TO_32_BIT_CONVERSION = YES;
				GCC_WARN_ABOUT_RETURN_TYPE = YES_ERROR;
				GCC_WARN_UNDECLARED_SELECTOR = YES;
				GCC_WARN_UNINITIALIZED_AUTOS = YES_AGGRESSIVE;
				GCC_WARN_UNUSED_FUNCTION = YES;
				GCC_WARN_UNUSED_VARIABLE = YES;
				IPHONEOS_DEPLOYMENT_TARGET = 16.4;
				MTL_ENABLE_DEBUG_INFO = INCLUDE_SOURCE;
				MTL_FAST_MATH = YES;
				ONLY_ACTIVE_ARCH = YES;
				SDKROOT = iphoneos;
				SWIFT_ACTIVE_COMPILATION_CONDITIONS = DEBUG;
				SWIFT_OPTIMIZATION_LEVEL = "-Onone";
			};
			name = Debug;
		};
		741155222A20B3DC009843F9 /* Release */ = {
			isa = XCBuildConfiguration;
			buildSettings = {
				ALWAYS_SEARCH_USER_PATHS = NO;
				CLANG_ANALYZER_NONNULL = YES;
				CLANG_ANALYZER_NUMBER_OBJECT_CONVERSION = YES_AGGRESSIVE;
				CLANG_CXX_LANGUAGE_STANDARD = "gnu++20";
				CLANG_ENABLE_MODULES = YES;
				CLANG_ENABLE_OBJC_ARC = YES;
				CLANG_ENABLE_OBJC_WEAK = YES;
				CLANG_WARN_BLOCK_CAPTURE_AUTORELEASING = YES;
				CLANG_WARN_BOOL_CONVERSION = YES;
				CLANG_WARN_COMMA = YES;
				CLANG_WARN_CONSTANT_CONVERSION = YES;
				CLANG_WARN_DEPRECATED_OBJC_IMPLEMENTATIONS = YES;
				CLANG_WARN_DIRECT_OBJC_ISA_USAGE = YES_ERROR;
				CLANG_WARN_DOCUMENTATION_COMMENTS = YES;
				CLANG_WARN_EMPTY_BODY = YES;
				CLANG_WARN_ENUM_CONVERSION = YES;
				CLANG_WARN_INFINITE_RECURSION = YES;
				CLANG_WARN_INT_CONVERSION = YES;
				CLANG_WARN_NON_LITERAL_NULL_CONVERSION = YES;
				CLANG_WARN_OBJC_IMPLICIT_RETAIN_SELF = YES;
				CLANG_WARN_OBJC_LITERAL_CONVERSION = YES;
				CLANG_WARN_OBJC_ROOT_CLASS = YES_ERROR;
				CLANG_WARN_QUOTED_INCLUDE_IN_FRAMEWORK_HEADER = YES;
				CLANG_WARN_RANGE_LOOP_ANALYSIS = YES;
				CLANG_WARN_STRICT_PROTOTYPES = YES;
				CLANG_WARN_SUSPICIOUS_MOVE = YES;
				CLANG_WARN_UNGUARDED_AVAILABILITY = YES_AGGRESSIVE;
				CLANG_WARN_UNREACHABLE_CODE = YES;
				CLANG_WARN__DUPLICATE_METHOD_MATCH = YES;
				COPY_PHASE_STRIP = NO;
				DEBUG_INFORMATION_FORMAT = "dwarf-with-dsym";
				ENABLE_NS_ASSERTIONS = NO;
				ENABLE_STRICT_OBJC_MSGSEND = YES;
				GCC_C_LANGUAGE_STANDARD = gnu11;
				GCC_NO_COMMON_BLOCKS = YES;
				GCC_WARN_64_TO_32_BIT_CONVERSION = YES;
				GCC_WARN_ABOUT_RETURN_TYPE = YES_ERROR;
				GCC_WARN_UNDECLARED_SELECTOR = YES;
				GCC_WARN_UNINITIALIZED_AUTOS = YES_AGGRESSIVE;
				GCC_WARN_UNUSED_FUNCTION = YES;
				GCC_WARN_UNUSED_VARIABLE = YES;
				IPHONEOS_DEPLOYMENT_TARGET = 16.4;
				MTL_ENABLE_DEBUG_INFO = NO;
				MTL_FAST_MATH = YES;
				SDKROOT = iphoneos;
				SWIFT_COMPILATION_MODE = wholemodule;
				SWIFT_OPTIMIZATION_LEVEL = "-O";
				VALIDATE_PRODUCT = YES;
			};
			name = Release;
		};
		741155242A20B3DC009843F9 /* Debug */ = {
			isa = XCBuildConfiguration;
			buildSettings = {
				ASSETCATALOG_COMPILER_APPICON_NAME = AppIcon;
				ASSETCATALOG_COMPILER_GLOBAL_ACCENT_COLOR_NAME = AccentColor;
				CODE_SIGN_STYLE = Automatic;
				CURRENT_PROJECT_VERSION = 1;
				DEVELOPMENT_TEAM = 3JFC7AD7WA;
				GENERATE_INFOPLIST_FILE = YES;
				INFOPLIST_FILE = InstagramCloneUIKit/Info.plist;
				INFOPLIST_KEY_UIApplicationSupportsIndirectInputEvents = YES;
				INFOPLIST_KEY_UILaunchStoryboardName = LaunchScreen;
				INFOPLIST_KEY_UIMainStoryboardFile = "";
				INFOPLIST_KEY_UISupportedInterfaceOrientations_iPad = "UIInterfaceOrientationPortrait UIInterfaceOrientationPortraitUpsideDown UIInterfaceOrientationLandscapeLeft UIInterfaceOrientationLandscapeRight";
				INFOPLIST_KEY_UISupportedInterfaceOrientations_iPhone = "UIInterfaceOrientationPortrait UIInterfaceOrientationLandscapeLeft UIInterfaceOrientationLandscapeRight";
				LD_RUNPATH_SEARCH_PATHS = (
					"$(inherited)",
					"@executable_path/Frameworks",
				);
				MARKETING_VERSION = 1.0;
				PRODUCT_BUNDLE_IDENTIFIER = comMuhammed.InstagramCloneUIKit;
				PRODUCT_NAME = "$(TARGET_NAME)";
				SUPPORTED_PLATFORMS = "iphoneos iphonesimulator";
				SUPPORTS_MACCATALYST = NO;
				SUPPORTS_MAC_DESIGNED_FOR_IPHONE_IPAD = NO;
				SWIFT_EMIT_LOC_STRINGS = YES;
				SWIFT_VERSION = 5.0;
				TARGETED_DEVICE_FAMILY = 1;
			};
			name = Debug;
		};
		741155252A20B3DC009843F9 /* Release */ = {
			isa = XCBuildConfiguration;
			buildSettings = {
				ASSETCATALOG_COMPILER_APPICON_NAME = AppIcon;
				ASSETCATALOG_COMPILER_GLOBAL_ACCENT_COLOR_NAME = AccentColor;
				CODE_SIGN_STYLE = Automatic;
				CURRENT_PROJECT_VERSION = 1;
				DEVELOPMENT_TEAM = 3JFC7AD7WA;
				GENERATE_INFOPLIST_FILE = YES;
				INFOPLIST_FILE = InstagramCloneUIKit/Info.plist;
				INFOPLIST_KEY_UIApplicationSupportsIndirectInputEvents = YES;
				INFOPLIST_KEY_UILaunchStoryboardName = LaunchScreen;
				INFOPLIST_KEY_UIMainStoryboardFile = "";
				INFOPLIST_KEY_UISupportedInterfaceOrientations_iPad = "UIInterfaceOrientationPortrait UIInterfaceOrientationPortraitUpsideDown UIInterfaceOrientationLandscapeLeft UIInterfaceOrientationLandscapeRight";
				INFOPLIST_KEY_UISupportedInterfaceOrientations_iPhone = "UIInterfaceOrientationPortrait UIInterfaceOrientationLandscapeLeft UIInterfaceOrientationLandscapeRight";
				LD_RUNPATH_SEARCH_PATHS = (
					"$(inherited)",
					"@executable_path/Frameworks",
				);
				MARKETING_VERSION = 1.0;
				PRODUCT_BUNDLE_IDENTIFIER = comMuhammed.InstagramCloneUIKit;
				PRODUCT_NAME = "$(TARGET_NAME)";
				SUPPORTED_PLATFORMS = "iphoneos iphonesimulator";
				SUPPORTS_MACCATALYST = NO;
				SUPPORTS_MAC_DESIGNED_FOR_IPHONE_IPAD = NO;
				SWIFT_EMIT_LOC_STRINGS = YES;
				SWIFT_VERSION = 5.0;
				TARGETED_DEVICE_FAMILY = 1;
			};
			name = Release;
		};
/* End XCBuildConfiguration section */

/* Begin XCConfigurationList section */
		7411550A2A20B3DB009843F9 /* Build configuration list for PBXProject "InstagramCloneUIKit" */ = {
			isa = XCConfigurationList;
			buildConfigurations = (
				741155212A20B3DC009843F9 /* Debug */,
				741155222A20B3DC009843F9 /* Release */,
			);
			defaultConfigurationIsVisible = 0;
			defaultConfigurationName = Release;
		};
		741155232A20B3DC009843F9 /* Build configuration list for PBXNativeTarget "InstagramCloneUIKit" */ = {
			isa = XCConfigurationList;
			buildConfigurations = (
				741155242A20B3DC009843F9 /* Debug */,
				741155252A20B3DC009843F9 /* Release */,
			);
			defaultConfigurationIsVisible = 0;
			defaultConfigurationName = Release;
		};
/* End XCConfigurationList section */
	};
	rootObject = 741155072A20B3DB009843F9 /* Project object */;
}
